
Microsoft Visual Studio Solution File, Format Version 12.00
# Visual Studio Version 16
VisualStudioVersion = 16.0.30204.135
MinimumVisualStudioVersion = 10.0.40219.1
Project("{9A19103F-16F7-4668-BE54-9A1E7A4F7556}") = "NNLab", "NNLab\NNLab.csproj", "{21DC1678-DADC-4801-85BB-C6BCEF203D9D}"
EndProject
Project("{2150E333-8FDC-42A3-9474-1A3956D46DE8}") = "Common", "Common", "{5444BEEC-50B2-4D40-915A-BF73E5775651}"
EndProject
Project("{2150E333-8FDC-42A3-9474-1A3956D46DE8}") = "Modules", "Modules", "{3AC00E8D-F142-4FE1-B67B-CDB9D3CE1F77}"
EndProject
Project("{2150E333-8FDC-42A3-9474-1A3956D46DE8}") = "Tests", "Tests", "{3D1BC4BB-5F93-4E69-8536-060D08CFED87}"
EndProject
Project("{2150E333-8FDC-42A3-9474-1A3956D46DE8}") = "TestApps", "TestApps", "{9A8B1C32-C916-4C58-BF6F-0A6B4092BE7E}"
EndProject
Project("{9A19103F-16F7-4668-BE54-9A1E7A4F7556}") = "Infrastructure", "Infrastructure\Infrastructure.csproj", "{98051E1E-BE13-4AE4-9165-C1AF16B169BA}"
EndProject
Project("{9A19103F-16F7-4668-BE54-9A1E7A4F7556}") = "Data", "Data\Data.csproj", "{C66EC27D-C61A-4690-BA9E-95ABC0B43128}"
EndProject
Project("{9A19103F-16F7-4668-BE54-9A1E7A4F7556}") = "Training", "Training\Training.csproj", "{2E248CF9-486F-4F57-BFD3-E094123C3071}"
EndProject
Project("{9A19103F-16F7-4668-BE54-9A1E7A4F7556}") = "NeuralNetwork", "NeuralNetwork\NeuralNetwork.csproj", "{A6677DF8-2602-4C31-95BE-6722461DF0B9}"
EndProject
Project("{9A19103F-16F7-4668-BE54-9A1E7A4F7556}") = "NNLib", "..\NNLib\NNLib\NNLib.csproj", "{1174FD82-00B2-4C18-8ECA-436011E94BFD}"
EndProject
Project("{9A19103F-16F7-4668-BE54-9A1E7A4F7556}") = "NNLib.Csv", "..\NNLib\NNLib.Csv\NNLib.Csv.csproj", "{42B52161-802D-4A70-A2D5-17BBB70E82B7}"
EndProject
Project("{9A19103F-16F7-4668-BE54-9A1E7A4F7556}") = "Data.Tests", "Data.Tests\Data.Tests.csproj", "{9F95F312-EEBA-4BC0-92D6-8AA1F320C304}"
EndProject
Project("{9A19103F-16F7-4668-BE54-9A1E7A4F7556}") = "TestUtils", "TestUtils\TestUtils.csproj", "{9C07672C-834B-4EB4-BC8F-AFF158B29C26}"
EndProject
Project("{9A19103F-16F7-4668-BE54-9A1E7A4F7556}") = "Infrastructure.Tests", "Infrastructure.Tests\Infrastructure.Tests.csproj", "{95CE5DA9-1BF4-4F83-9FBE-59C690582A44}"
EndProject
Project("{9A19103F-16F7-4668-BE54-9A1E7A4F7556}") = "NNLib.Data", "..\NNLib\NNLib.Common\NNLib.Data.csproj", "{295E51BF-1041-4CDA-B0DD-FD222639933C}"
EndProject
Global
	GlobalSection(SolutionConfigurationPlatforms) = preSolution
		Debug|Any CPU = Debug|Any CPU
		Release|Any CPU = Release|Any CPU
	EndGlobalSection
	GlobalSection(ProjectConfigurationPlatforms) = postSolution
		{21DC1678-DADC-4801-85BB-C6BCEF203D9D}.Debug|Any CPU.ActiveCfg = Debug|Any CPU
		{21DC1678-DADC-4801-85BB-C6BCEF203D9D}.Debug|Any CPU.Build.0 = Debug|Any CPU
		{21DC1678-DADC-4801-85BB-C6BCEF203D9D}.Release|Any CPU.ActiveCfg = Release|Any CPU
		{21DC1678-DADC-4801-85BB-C6BCEF203D9D}.Release|Any CPU.Build.0 = Release|Any CPU
		{98051E1E-BE13-4AE4-9165-C1AF16B169BA}.Debug|Any CPU.ActiveCfg = Debug|Any CPU
		{98051E1E-BE13-4AE4-9165-C1AF16B169BA}.Debug|Any CPU.Build.0 = Debug|Any CPU
		{98051E1E-BE13-4AE4-9165-C1AF16B169BA}.Release|Any CPU.ActiveCfg = Release|Any CPU
		{98051E1E-BE13-4AE4-9165-C1AF16B169BA}.Release|Any CPU.Build.0 = Release|Any CPU
		{C66EC27D-C61A-4690-BA9E-95ABC0B43128}.Debug|Any CPU.ActiveCfg = Debug|Any CPU
		{C66EC27D-C61A-4690-BA9E-95ABC0B43128}.Debug|Any CPU.Build.0 = Debug|Any CPU
		{C66EC27D-C61A-4690-BA9E-95ABC0B43128}.Release|Any CPU.ActiveCfg = Release|Any CPU
		{C66EC27D-C61A-4690-BA9E-95ABC0B43128}.Release|Any CPU.Build.0 = Release|Any CPU
		{2E248CF9-486F-4F57-BFD3-E094123C3071}.Debug|Any CPU.ActiveCfg = Debug|Any CPU
		{2E248CF9-486F-4F57-BFD3-E094123C3071}.Debug|Any CPU.Build.0 = Debug|Any CPU
		{2E248CF9-486F-4F57-BFD3-E094123C3071}.Release|Any CPU.ActiveCfg = Release|Any CPU
		{2E248CF9-486F-4F57-BFD3-E094123C3071}.Release|Any CPU.Build.0 = Release|Any CPU
		{A6677DF8-2602-4C31-95BE-6722461DF0B9}.Debug|Any CPU.ActiveCfg = Debug|Any CPU
		{A6677DF8-2602-4C31-95BE-6722461DF0B9}.Debug|Any CPU.Build.0 = Debug|Any CPU
		{A6677DF8-2602-4C31-95BE-6722461DF0B9}.Release|Any CPU.ActiveCfg = Release|Any CPU
		{A6677DF8-2602-4C31-95BE-6722461DF0B9}.Release|Any CPU.Build.0 = Release|Any CPU
		{1174FD82-00B2-4C18-8ECA-436011E94BFD}.Debug|Any CPU.ActiveCfg = Debug|Any CPU
		{1174FD82-00B2-4C18-8ECA-436011E94BFD}.Debug|Any CPU.Build.0 = Debug|Any CPU
		{1174FD82-00B2-4C18-8ECA-436011E94BFD}.Release|Any CPU.ActiveCfg = Release|Any CPU
		{1174FD82-00B2-4C18-8ECA-436011E94BFD}.Release|Any CPU.Build.0 = Release|Any CPU
		{42B52161-802D-4A70-A2D5-17BBB70E82B7}.Debug|Any CPU.ActiveCfg = Debug|Any CPU
		{42B52161-802D-4A70-A2D5-17BBB70E82B7}.Debug|Any CPU.Build.0 = Debug|Any CPU
		{42B52161-802D-4A70-A2D5-17BBB70E82B7}.Release|Any CPU.ActiveCfg = Release|Any CPU
		{42B52161-802D-4A70-A2D5-17BBB70E82B7}.Release|Any CPU.Build.0 = Release|Any CPU
		{9F95F312-EEBA-4BC0-92D6-8AA1F320C304}.Debug|Any CPU.ActiveCfg = Debug|Any CPU
		{9F95F312-EEBA-4BC0-92D6-8AA1F320C304}.Debug|Any CPU.Build.0 = Debug|Any CPU
		{9F95F312-EEBA-4BC0-92D6-8AA1F320C304}.Release|Any CPU.ActiveCfg = Release|Any CPU
		{9F95F312-EEBA-4BC0-92D6-8AA1F320C304}.Release|Any CPU.Build.0 = Release|Any CPU
		{9C07672C-834B-4EB4-BC8F-AFF158B29C26}.Debug|Any CPU.ActiveCfg = Debug|Any CPU
		{9C07672C-834B-4EB4-BC8F-AFF158B29C26}.Debug|Any CPU.Build.0 = Debug|Any CPU
		{9C07672C-834B-4EB4-BC8F-AFF158B29C26}.Release|Any CPU.ActiveCfg = Release|Any CPU
		{9C07672C-834B-4EB4-BC8F-AFF158B29C26}.Release|Any CPU.Build.0 = Release|Any CPU
		{95CE5DA9-1BF4-4F83-9FBE-59C690582A44}.Debug|Any CPU.ActiveCfg = Debug|Any CPU
		{95CE5DA9-1BF4-4F83-9FBE-59C690582A44}.Debug|Any CPU.Build.0 = Debug|Any CPU
		{95CE5DA9-1BF4-4F83-9FBE-59C690582A44}.Release|Any CPU.ActiveCfg = Release|Any CPU
		{95CE5DA9-1BF4-4F83-9FBE-59C690582A44}.Release|Any CPU.Build.0 = Release|Any CPU
		{295E51BF-1041-4CDA-B0DD-FD222639933C}.Debug|Any CPU.ActiveCfg = Debug|Any CPU
		{295E51BF-1041-4CDA-B0DD-FD222639933C}.Debug|Any CPU.Build.0 = Debug|Any CPU
		{295E51BF-1041-4CDA-B0DD-FD222639933C}.Release|Any CPU.ActiveCfg = Release|Any CPU
		{295E51BF-1041-4CDA-B0DD-FD222639933C}.Release|Any CPU.Build.0 = Release|Any CPU
	EndGlobalSection
	GlobalSection(SolutionProperties) = preSolution
		HideSolutionNode = FALSE
	EndGlobalSection
	GlobalSection(NestedProjects) = preSolution
		{9A8B1C32-C916-4C58-BF6F-0A6B4092BE7E} = {3D1BC4BB-5F93-4E69-8536-060D08CFED87}
		{98051E1E-BE13-4AE4-9165-C1AF16B169BA} = {5444BEEC-50B2-4D40-915A-BF73E5775651}
		{C66EC27D-C61A-4690-BA9E-95ABC0B43128} = {3AC00E8D-F142-4FE1-B67B-CDB9D3CE1F77}
		{2E248CF9-486F-4F57-BFD3-E094123C3071} = {3AC00E8D-F142-4FE1-B67B-CDB9D3CE1F77}
		{A6677DF8-2602-4C31-95BE-6722461DF0B9} = {3AC00E8D-F142-4FE1-B67B-CDB9D3CE1F77}
		{9F95F312-EEBA-4BC0-92D6-8AA1F320C304} = {3D1BC4BB-5F93-4E69-8536-060D08CFED87}
		{9C07672C-834B-4EB4-BC8F-AFF158B29C26} = {3D1BC4BB-5F93-4E69-8536-060D08CFED87}
		{95CE5DA9-1BF4-4F83-9FBE-59C690582A44} = {3D1BC4BB-5F93-4E69-8536-060D08CFED87}
	EndGlobalSection
	GlobalSection(ExtensibilityGlobals) = postSolution
		SolutionGuid = {2AD07BAC-B96F-4540-814D-B11B85EBB73C}
	EndGlobalSection
EndGlobal
