
Microsoft Visual Studio Solution File, Format Version 12.00
# Visual Studio Version 16
VisualStudioVersion = 16.0.30204.135
MinimumVisualStudioVersion = 10.0.40219.1
Project("{9A19103F-16F7-4668-BE54-9A1E7A4F7556}") = "Assemlber", "Assembler\Assemlber.csproj", "{21DC1678-DADC-4801-85BB-C6BCEF203D9D}"
EndProject
Project("{2150E333-8FDC-42A3-9474-1A3956D46DE8}") = "A. Common", "A. Common", "{5444BEEC-50B2-4D40-915A-BF73E5775651}"
EndProject
Project("{2150E333-8FDC-42A3-9474-1A3956D46DE8}") = "TestApps", "TestApps", "{9A8B1C32-C916-4C58-BF6F-0A6B4092BE7E}"
EndProject
Project("{9A19103F-16F7-4668-BE54-9A1E7A4F7556}") = "Data", "Data\Data.csproj", "{C66EC27D-C61A-4690-BA9E-95ABC0B43128}"
EndProject
Project("{9A19103F-16F7-4668-BE54-9A1E7A4F7556}") = "Training", "Training\Training.csproj", "{2E248CF9-486F-4F57-BFD3-E094123C3071}"
EndProject
Project("{9A19103F-16F7-4668-BE54-9A1E7A4F7556}") = "NeuralNetwork", "NeuralNetwork\NeuralNetwork.csproj", "{A6677DF8-2602-4C31-95BE-6722461DF0B9}"
EndProject
Project("{9A19103F-16F7-4668-BE54-9A1E7A4F7556}") = "Data.Application.Tests", "Data.Tests\Data.Application.Tests.csproj", "{9F95F312-EEBA-4BC0-92D6-8AA1F320C304}"
EndProject
Project("{9A19103F-16F7-4668-BE54-9A1E7A4F7556}") = "TestUtils", "TestUtils\TestUtils.csproj", "{9C07672C-834B-4EB4-BC8F-AFF158B29C26}"
EndProject
Project("{9A19103F-16F7-4668-BE54-9A1E7A4F7556}") = "Common.Tests", "Common.Tests\Common.Tests.csproj", "{95CE5DA9-1BF4-4F83-9FBE-59C690582A44}"
EndProject
Project("{9A19103F-16F7-4668-BE54-9A1E7A4F7556}") = "SharedUI", "CommonUI\SharedUI.csproj", "{0D0A072E-1DBC-49B2-AB66-B7F7F5CA1933}"
EndProject
Project("{9A19103F-16F7-4668-BE54-9A1E7A4F7556}") = "BasicPlotTest", "BasicPlotTest\BasicPlotTest.csproj", "{C4FF4585-2872-408A-8AD1-3630FCBAAA18}"
EndProject
Project("{9A19103F-16F7-4668-BE54-9A1E7A4F7556}") = "MatrixPreviewTest", "MatrixPreviewTest\MatrixPreviewTest.csproj", "{28FC6643-7481-43AE-B7B4-8B202D1E7A71}"
EndProject
Project("{9A19103F-16F7-4668-BE54-9A1E7A4F7556}") = "Shell.Application.Tests", "Shell.Application.Tests\Shell.Application.Tests.csproj", "{3BB8ED4E-8A73-4559-AF51-5481C323D18C}"
EndProject
Project("{2150E333-8FDC-42A3-9474-1A3956D46DE8}") = "C. Shell", "C. Shell", "{23B4C127-5737-4663-BB86-A43DFEE350CF}"
EndProject
Project("{2150E333-8FDC-42A3-9474-1A3956D46DE8}") = "B. Data", "B. Data", "{DB0E1741-C8D6-4C24-AA41-A4885DF6D358}"
EndProject
Project("{2150E333-8FDC-42A3-9474-1A3956D46DE8}") = "B. NeuralNetwork", "B. NeuralNetwork", "{5E5D56D3-A0E5-4B45-B9D7-A1338A31F863}"
EndProject
Project("{2150E333-8FDC-42A3-9474-1A3956D46DE8}") = "B. Training", "B. Training", "{72CBFB17-54C5-4F3B-9BE4-F778A03694B7}"
EndProject
Project("{9A19103F-16F7-4668-BE54-9A1E7A4F7556}") = "Common.Framework", "Common.Framework\Common.Framework.csproj", "{4AE84EF6-C394-4470-B428-7D7F4D13B8E8}"
EndProject
Project("{9A19103F-16F7-4668-BE54-9A1E7A4F7556}") = "Common.Domain", "Common.Domain\Common.Domain.csproj", "{717C47CA-C83D-47D2-8994-E71F7E14D646}"
EndProject
Project("{9A19103F-16F7-4668-BE54-9A1E7A4F7556}") = "Shell", "Shell\Shell.csproj", "{F9F12FD9-1307-4DC4-8367-FBC699DE6BD5}"
EndProject
Project("{9A19103F-16F7-4668-BE54-9A1E7A4F7556}") = "Shell.Application", "Shell.Application\Shell.Application.csproj", "{0CFAA46F-3610-4310-9D51-3652555E9F45}"
EndProject
Project("{9A19103F-16F7-4668-BE54-9A1E7A4F7556}") = "ArchTests", "ArchTests\ArchTests.csproj", "{038D586E-239D-48F2-9807-89C8B83D75C4}"
EndProject
Project("{9A19103F-16F7-4668-BE54-9A1E7A4F7556}") = "Shell.Presentation", "Shell.Presentation\Shell.Presentation.csproj", "{6A2B24E8-5B2E-4A95-ACF9-3D85760BA7AA}"
EndProject
Project("{9A19103F-16F7-4668-BE54-9A1E7A4F7556}") = "Training.Presentation", "Training.Presentation\Training.Presentation.csproj", "{C0D5CA5D-5CA6-4EE0-8B72-350D7C32FA49}"
EndProject
Project("{9A19103F-16F7-4668-BE54-9A1E7A4F7556}") = "Training.Application", "Training.Application\Training.Application.csproj", "{E8E86053-9CE6-4DC6-A495-629ACC1B5BFF}"
EndProject
Project("{9A19103F-16F7-4668-BE54-9A1E7A4F7556}") = "Training.Domain", "Training.Domain\Training.Domain.csproj", "{25DDA3E7-91D4-40FC-8CF8-95C7205C181D}"
EndProject
Project("{9A19103F-16F7-4668-BE54-9A1E7A4F7556}") = "NeuralNetwork.Application", "NeuralNetwork.Application\NeuralNetwork.Application.csproj", "{5A5F513B-7FE6-41B8-BBC7-49B86050FD63}"
EndProject
Project("{9A19103F-16F7-4668-BE54-9A1E7A4F7556}") = "NeuralNetwork.Presentation", "NeuralNetwork.Presentation\NeuralNetwork.Presentation.csproj", "{34736CB0-EA39-4C26-812C-94B963A50534}"
EndProject
Project("{9A19103F-16F7-4668-BE54-9A1E7A4F7556}") = "NeuralNetwork.Domain", "NeuralNetwork.Domain\NeuralNetwork.Domain.csproj", "{B50F82B6-62E3-410C-9C26-F7885771D377}"
EndProject
Project("{9A19103F-16F7-4668-BE54-9A1E7A4F7556}") = "Data.Domain", "Data.Domain\Data.Domain.csproj", "{0C329F0C-3BBE-4564-9112-94BDCBA83641}"
EndProject
Project("{9A19103F-16F7-4668-BE54-9A1E7A4F7556}") = "Data.Application", "Data.Application\Data.Application.csproj", "{E5E0EF14-01C4-4A1C-BC4A-D263A50AAECC}"
EndProject
Project("{9A19103F-16F7-4668-BE54-9A1E7A4F7556}") = "Data.Presentation", "Data.Presentation\Data.Presentation.csproj", "{F4AA87F0-175A-42C8-859D-567F1F47388A}"
EndProject
Project("{9A19103F-16F7-4668-BE54-9A1E7A4F7556}") = "Shell.Interface", "Shell.Interface\Shell.Interface.csproj", "{53C2EB33-8E54-422E-B358-0629E1E61BA3}"
EndProject
Project("{9A19103F-16F7-4668-BE54-9A1E7A4F7556}") = "Common.Presentation", "Common.Presentation\Common.Presentation.csproj", "{B2DBB502-0802-4CB4-904C-C8A39D3153FD}"
EndProject
Project("{2150E333-8FDC-42A3-9474-1A3956D46DE8}") = "Tests", "Tests", "{FCE68A69-E535-4566-A14D-43172A7B9772}"
EndProject
Project("{2150E333-8FDC-42A3-9474-1A3956D46DE8}") = "Tests", "Tests", "{D3DD61FE-0B7C-41DD-9861-24A149397A0B}"
EndProject
Project("{2150E333-8FDC-42A3-9474-1A3956D46DE8}") = "Tests", "Tests", "{152CB1FE-CCA9-452E-9150-017A3B6CDD4D}"
EndProject
Project("{2150E333-8FDC-42A3-9474-1A3956D46DE8}") = "Tests", "Tests", "{A640586B-B40F-409D-A35C-42475619EF1F}"
EndProject
Project("{2150E333-8FDC-42A3-9474-1A3956D46DE8}") = "Tests", "Tests", "{B965F54C-6C2B-4425-8D47-8ECDC47AA308}"
EndProject
Project("{9A19103F-16F7-4668-BE54-9A1E7A4F7556}") = "Data.Domain.Tests", "Data.Domain.Tests\Data.Domain.Tests.csproj", "{8963D48D-2863-415C-AB59-03D05A0EBF3A}"
EndProject
Project("{9A19103F-16F7-4668-BE54-9A1E7A4F7556}") = "NeuralNetwork.Application.Tests", "NeuralNetwork.Application.Tests\NeuralNetwork.Application.Tests.csproj", "{5D2584F3-132C-474F-BE09-655C12A44D4B}"
EndProject
Project("{9A19103F-16F7-4668-BE54-9A1E7A4F7556}") = "Training.Interface", "Training.Interface\Training.Interface.csproj", "{7B4C29ED-AFEA-49D5-83AA-7E294435CA39}"
EndProject
Project("{9A19103F-16F7-4668-BE54-9A1E7A4F7556}") = "PanelLayoutTest", "PanelLayoutTest\PanelLayoutTest.csproj", "{98C821A0-5BCD-4C8B-B82A-E0CB1608809C}"
EndProject
Project("{9A19103F-16F7-4668-BE54-9A1E7A4F7556}") = "Training.Domain.Tests", "Training.Domain.Tests\Training.Domain.Tests.csproj", "{DC30F655-75C3-45FC-928A-FCFA364B29E2}"
EndProject
Project("{9A19103F-16F7-4668-BE54-9A1E7A4F7556}") = "Training.Application.Tests", "Training.Application.Tests\Training.Application.Tests.csproj", "{E69B8F58-8A72-4F6D-BF9B-5B11462A4FBB}"
EndProject
Project("{9A19103F-16F7-4668-BE54-9A1E7A4F7556}") = "Common.Logging", "Common.Logging\Common.Logging.csproj", "{B0E312C4-CAD8-4711-B750-62F9F940F429}"
EndProject
Project("{2150E333-8FDC-42A3-9474-1A3956D46DE8}") = "B. Approximation", "B. Approximation", "{20194232-0561-44FF-9160-154191DBEAA6}"
EndProject
Project("{9A19103F-16F7-4668-BE54-9A1E7A4F7556}") = "Approximation", "Approximation\Approximation.csproj", "{DEAF858B-2B3D-4F8F-9B1D-0CAF0746C9EE}"
EndProject
Project("{9A19103F-16F7-4668-BE54-9A1E7A4F7556}") = "Approximation.Presentation", "Approximation.Presentation\Approximation.Presentation.csproj", "{471A9559-87E2-489A-ABF3-C7F75D5E2C4E}"
EndProject
Project("{9A19103F-16F7-4668-BE54-9A1E7A4F7556}") = "Approximation.Application", "Approximation.Application\Approximation.Application.csproj", "{B8F2D31D-AF3D-4F65-B0B7-FD557E155FB9}"
EndProject
Project("{9A19103F-16F7-4668-BE54-9A1E7A4F7556}") = "NNLib", "..\..\NNLib\NNLib\NNLib.csproj", "{450B642E-F253-4877-9FBF-81DFED8CA16E}"
EndProject
Project("{9A19103F-16F7-4668-BE54-9A1E7A4F7556}") = "NNLib.Csv", "..\..\NNLib\NNLib.Csv\NNLib.Csv.csproj", "{544A7889-B34C-4BE3-A64E-AF4624929C64}"
EndProject
Project("{9A19103F-16F7-4668-BE54-9A1E7A4F7556}") = "NNControl", "..\..\NNControl\NNControl\NNControl.csproj", "{050FD9BB-274F-4875-AF1E-89D4E3C34A2B}"
EndProject
Project("{9A19103F-16F7-4668-BE54-9A1E7A4F7556}") = "NNLibAdapter", "..\..\NNControl\NNLibAdapter\NNLibAdapter.csproj", "{88E60040-AAC9-45DC-9242-C521C4BB05BC}"
EndProject
Global
	GlobalSection(SolutionConfigurationPlatforms) = preSolution
		Debug|Any CPU = Debug|Any CPU
		DebugLocal|Any CPU = DebugLocal|Any CPU
		Release|Any CPU = Release|Any CPU
	EndGlobalSection
	GlobalSection(ProjectConfigurationPlatforms) = postSolution
		{21DC1678-DADC-4801-85BB-C6BCEF203D9D}.Debug|Any CPU.ActiveCfg = Debug|Any CPU
		{21DC1678-DADC-4801-85BB-C6BCEF203D9D}.Debug|Any CPU.Build.0 = Debug|Any CPU
		{21DC1678-DADC-4801-85BB-C6BCEF203D9D}.DebugLocal|Any CPU.ActiveCfg = DebugLocal|Any CPU
		{21DC1678-DADC-4801-85BB-C6BCEF203D9D}.DebugLocal|Any CPU.Build.0 = DebugLocal|Any CPU
		{21DC1678-DADC-4801-85BB-C6BCEF203D9D}.Release|Any CPU.ActiveCfg = Release|Any CPU
		{21DC1678-DADC-4801-85BB-C6BCEF203D9D}.Release|Any CPU.Build.0 = Release|Any CPU
		{C66EC27D-C61A-4690-BA9E-95ABC0B43128}.Debug|Any CPU.ActiveCfg = Debug|Any CPU
		{C66EC27D-C61A-4690-BA9E-95ABC0B43128}.Debug|Any CPU.Build.0 = Debug|Any CPU
		{C66EC27D-C61A-4690-BA9E-95ABC0B43128}.DebugLocal|Any CPU.ActiveCfg = DebugLocal|Any CPU
		{C66EC27D-C61A-4690-BA9E-95ABC0B43128}.DebugLocal|Any CPU.Build.0 = DebugLocal|Any CPU
		{C66EC27D-C61A-4690-BA9E-95ABC0B43128}.Release|Any CPU.ActiveCfg = Release|Any CPU
		{C66EC27D-C61A-4690-BA9E-95ABC0B43128}.Release|Any CPU.Build.0 = Release|Any CPU
		{2E248CF9-486F-4F57-BFD3-E094123C3071}.Debug|Any CPU.ActiveCfg = Debug|Any CPU
		{2E248CF9-486F-4F57-BFD3-E094123C3071}.Debug|Any CPU.Build.0 = Debug|Any CPU
		{2E248CF9-486F-4F57-BFD3-E094123C3071}.DebugLocal|Any CPU.ActiveCfg = DebugLocal|Any CPU
		{2E248CF9-486F-4F57-BFD3-E094123C3071}.DebugLocal|Any CPU.Build.0 = DebugLocal|Any CPU
		{2E248CF9-486F-4F57-BFD3-E094123C3071}.Release|Any CPU.ActiveCfg = Release|Any CPU
		{2E248CF9-486F-4F57-BFD3-E094123C3071}.Release|Any CPU.Build.0 = Release|Any CPU
		{A6677DF8-2602-4C31-95BE-6722461DF0B9}.Debug|Any CPU.ActiveCfg = Debug|Any CPU
		{A6677DF8-2602-4C31-95BE-6722461DF0B9}.Debug|Any CPU.Build.0 = Debug|Any CPU
		{A6677DF8-2602-4C31-95BE-6722461DF0B9}.DebugLocal|Any CPU.ActiveCfg = DebugLocal|Any CPU
		{A6677DF8-2602-4C31-95BE-6722461DF0B9}.DebugLocal|Any CPU.Build.0 = DebugLocal|Any CPU
		{A6677DF8-2602-4C31-95BE-6722461DF0B9}.Release|Any CPU.ActiveCfg = Release|Any CPU
		{A6677DF8-2602-4C31-95BE-6722461DF0B9}.Release|Any CPU.Build.0 = Release|Any CPU
		{9F95F312-EEBA-4BC0-92D6-8AA1F320C304}.Debug|Any CPU.ActiveCfg = Debug|Any CPU
		{9F95F312-EEBA-4BC0-92D6-8AA1F320C304}.Debug|Any CPU.Build.0 = Debug|Any CPU
		{9F95F312-EEBA-4BC0-92D6-8AA1F320C304}.DebugLocal|Any CPU.ActiveCfg = Debug|Any CPU
		{9F95F312-EEBA-4BC0-92D6-8AA1F320C304}.DebugLocal|Any CPU.Build.0 = Debug|Any CPU
		{9F95F312-EEBA-4BC0-92D6-8AA1F320C304}.Release|Any CPU.ActiveCfg = Release|Any CPU
		{9F95F312-EEBA-4BC0-92D6-8AA1F320C304}.Release|Any CPU.Build.0 = Release|Any CPU
		{9C07672C-834B-4EB4-BC8F-AFF158B29C26}.Debug|Any CPU.ActiveCfg = Debug|Any CPU
		{9C07672C-834B-4EB4-BC8F-AFF158B29C26}.Debug|Any CPU.Build.0 = Debug|Any CPU
		{9C07672C-834B-4EB4-BC8F-AFF158B29C26}.DebugLocal|Any CPU.ActiveCfg = Debug|Any CPU
		{9C07672C-834B-4EB4-BC8F-AFF158B29C26}.DebugLocal|Any CPU.Build.0 = Debug|Any CPU
		{9C07672C-834B-4EB4-BC8F-AFF158B29C26}.Release|Any CPU.ActiveCfg = Release|Any CPU
		{9C07672C-834B-4EB4-BC8F-AFF158B29C26}.Release|Any CPU.Build.0 = Release|Any CPU
		{95CE5DA9-1BF4-4F83-9FBE-59C690582A44}.Debug|Any CPU.ActiveCfg = Debug|Any CPU
		{95CE5DA9-1BF4-4F83-9FBE-59C690582A44}.Debug|Any CPU.Build.0 = Debug|Any CPU
		{95CE5DA9-1BF4-4F83-9FBE-59C690582A44}.DebugLocal|Any CPU.ActiveCfg = Debug|Any CPU
		{95CE5DA9-1BF4-4F83-9FBE-59C690582A44}.DebugLocal|Any CPU.Build.0 = Debug|Any CPU
		{95CE5DA9-1BF4-4F83-9FBE-59C690582A44}.Release|Any CPU.ActiveCfg = Release|Any CPU
		{95CE5DA9-1BF4-4F83-9FBE-59C690582A44}.Release|Any CPU.Build.0 = Release|Any CPU
		{0D0A072E-1DBC-49B2-AB66-B7F7F5CA1933}.Debug|Any CPU.ActiveCfg = Debug|Any CPU
		{0D0A072E-1DBC-49B2-AB66-B7F7F5CA1933}.Debug|Any CPU.Build.0 = Debug|Any CPU
		{0D0A072E-1DBC-49B2-AB66-B7F7F5CA1933}.DebugLocal|Any CPU.ActiveCfg = DebugLocal|Any CPU
		{0D0A072E-1DBC-49B2-AB66-B7F7F5CA1933}.DebugLocal|Any CPU.Build.0 = DebugLocal|Any CPU
		{0D0A072E-1DBC-49B2-AB66-B7F7F5CA1933}.Release|Any CPU.ActiveCfg = Release|Any CPU
		{0D0A072E-1DBC-49B2-AB66-B7F7F5CA1933}.Release|Any CPU.Build.0 = Release|Any CPU
		{C4FF4585-2872-408A-8AD1-3630FCBAAA18}.Debug|Any CPU.ActiveCfg = Debug|Any CPU
		{C4FF4585-2872-408A-8AD1-3630FCBAAA18}.Debug|Any CPU.Build.0 = Debug|Any CPU
		{C4FF4585-2872-408A-8AD1-3630FCBAAA18}.DebugLocal|Any CPU.ActiveCfg = Debug|Any CPU
		{C4FF4585-2872-408A-8AD1-3630FCBAAA18}.DebugLocal|Any CPU.Build.0 = Debug|Any CPU
		{C4FF4585-2872-408A-8AD1-3630FCBAAA18}.Release|Any CPU.ActiveCfg = Release|Any CPU
		{C4FF4585-2872-408A-8AD1-3630FCBAAA18}.Release|Any CPU.Build.0 = Release|Any CPU
		{28FC6643-7481-43AE-B7B4-8B202D1E7A71}.Debug|Any CPU.ActiveCfg = Debug|Any CPU
		{28FC6643-7481-43AE-B7B4-8B202D1E7A71}.Debug|Any CPU.Build.0 = Debug|Any CPU
		{28FC6643-7481-43AE-B7B4-8B202D1E7A71}.DebugLocal|Any CPU.ActiveCfg = Debug|Any CPU
		{28FC6643-7481-43AE-B7B4-8B202D1E7A71}.DebugLocal|Any CPU.Build.0 = Debug|Any CPU
		{28FC6643-7481-43AE-B7B4-8B202D1E7A71}.Release|Any CPU.ActiveCfg = Release|Any CPU
		{28FC6643-7481-43AE-B7B4-8B202D1E7A71}.Release|Any CPU.Build.0 = Release|Any CPU
		{3BB8ED4E-8A73-4559-AF51-5481C323D18C}.Debug|Any CPU.ActiveCfg = Debug|Any CPU
		{3BB8ED4E-8A73-4559-AF51-5481C323D18C}.Debug|Any CPU.Build.0 = Debug|Any CPU
		{3BB8ED4E-8A73-4559-AF51-5481C323D18C}.DebugLocal|Any CPU.ActiveCfg = Debug|Any CPU
		{3BB8ED4E-8A73-4559-AF51-5481C323D18C}.DebugLocal|Any CPU.Build.0 = Debug|Any CPU
		{3BB8ED4E-8A73-4559-AF51-5481C323D18C}.Release|Any CPU.ActiveCfg = Release|Any CPU
		{3BB8ED4E-8A73-4559-AF51-5481C323D18C}.Release|Any CPU.Build.0 = Release|Any CPU
		{4AE84EF6-C394-4470-B428-7D7F4D13B8E8}.Debug|Any CPU.ActiveCfg = Debug|Any CPU
		{4AE84EF6-C394-4470-B428-7D7F4D13B8E8}.Debug|Any CPU.Build.0 = Debug|Any CPU
		{4AE84EF6-C394-4470-B428-7D7F4D13B8E8}.DebugLocal|Any CPU.ActiveCfg = DebugLocal|Any CPU
		{4AE84EF6-C394-4470-B428-7D7F4D13B8E8}.DebugLocal|Any CPU.Build.0 = DebugLocal|Any CPU
		{4AE84EF6-C394-4470-B428-7D7F4D13B8E8}.Release|Any CPU.ActiveCfg = Release|Any CPU
		{4AE84EF6-C394-4470-B428-7D7F4D13B8E8}.Release|Any CPU.Build.0 = Release|Any CPU
		{717C47CA-C83D-47D2-8994-E71F7E14D646}.Debug|Any CPU.ActiveCfg = Debug|Any CPU
		{717C47CA-C83D-47D2-8994-E71F7E14D646}.Debug|Any CPU.Build.0 = Debug|Any CPU
		{717C47CA-C83D-47D2-8994-E71F7E14D646}.DebugLocal|Any CPU.ActiveCfg = DebugLocal|Any CPU
		{717C47CA-C83D-47D2-8994-E71F7E14D646}.DebugLocal|Any CPU.Build.0 = DebugLocal|Any CPU
		{717C47CA-C83D-47D2-8994-E71F7E14D646}.Release|Any CPU.ActiveCfg = Release|Any CPU
		{717C47CA-C83D-47D2-8994-E71F7E14D646}.Release|Any CPU.Build.0 = Release|Any CPU
		{F9F12FD9-1307-4DC4-8367-FBC699DE6BD5}.Debug|Any CPU.ActiveCfg = Debug|Any CPU
		{F9F12FD9-1307-4DC4-8367-FBC699DE6BD5}.Debug|Any CPU.Build.0 = Debug|Any CPU
		{F9F12FD9-1307-4DC4-8367-FBC699DE6BD5}.DebugLocal|Any CPU.ActiveCfg = DebugLocal|Any CPU
		{F9F12FD9-1307-4DC4-8367-FBC699DE6BD5}.DebugLocal|Any CPU.Build.0 = DebugLocal|Any CPU
		{F9F12FD9-1307-4DC4-8367-FBC699DE6BD5}.Release|Any CPU.ActiveCfg = Release|Any CPU
		{F9F12FD9-1307-4DC4-8367-FBC699DE6BD5}.Release|Any CPU.Build.0 = Release|Any CPU
		{0CFAA46F-3610-4310-9D51-3652555E9F45}.Debug|Any CPU.ActiveCfg = Debug|Any CPU
		{0CFAA46F-3610-4310-9D51-3652555E9F45}.Debug|Any CPU.Build.0 = Debug|Any CPU
		{0CFAA46F-3610-4310-9D51-3652555E9F45}.DebugLocal|Any CPU.ActiveCfg = DebugLocal|Any CPU
		{0CFAA46F-3610-4310-9D51-3652555E9F45}.DebugLocal|Any CPU.Build.0 = DebugLocal|Any CPU
		{0CFAA46F-3610-4310-9D51-3652555E9F45}.Release|Any CPU.ActiveCfg = Release|Any CPU
		{0CFAA46F-3610-4310-9D51-3652555E9F45}.Release|Any CPU.Build.0 = Release|Any CPU
		{038D586E-239D-48F2-9807-89C8B83D75C4}.Debug|Any CPU.ActiveCfg = Debug|Any CPU
		{038D586E-239D-48F2-9807-89C8B83D75C4}.Debug|Any CPU.Build.0 = Debug|Any CPU
		{038D586E-239D-48F2-9807-89C8B83D75C4}.DebugLocal|Any CPU.ActiveCfg = Debug|Any CPU
		{038D586E-239D-48F2-9807-89C8B83D75C4}.DebugLocal|Any CPU.Build.0 = Debug|Any CPU
		{038D586E-239D-48F2-9807-89C8B83D75C4}.Release|Any CPU.ActiveCfg = Release|Any CPU
		{038D586E-239D-48F2-9807-89C8B83D75C4}.Release|Any CPU.Build.0 = Release|Any CPU
		{6A2B24E8-5B2E-4A95-ACF9-3D85760BA7AA}.Debug|Any CPU.ActiveCfg = Debug|Any CPU
		{6A2B24E8-5B2E-4A95-ACF9-3D85760BA7AA}.Debug|Any CPU.Build.0 = Debug|Any CPU
		{6A2B24E8-5B2E-4A95-ACF9-3D85760BA7AA}.DebugLocal|Any CPU.ActiveCfg = DebugLocal|Any CPU
		{6A2B24E8-5B2E-4A95-ACF9-3D85760BA7AA}.DebugLocal|Any CPU.Build.0 = DebugLocal|Any CPU
		{6A2B24E8-5B2E-4A95-ACF9-3D85760BA7AA}.Release|Any CPU.ActiveCfg = Release|Any CPU
		{6A2B24E8-5B2E-4A95-ACF9-3D85760BA7AA}.Release|Any CPU.Build.0 = Release|Any CPU
		{C0D5CA5D-5CA6-4EE0-8B72-350D7C32FA49}.Debug|Any CPU.ActiveCfg = Debug|Any CPU
		{C0D5CA5D-5CA6-4EE0-8B72-350D7C32FA49}.Debug|Any CPU.Build.0 = Debug|Any CPU
		{C0D5CA5D-5CA6-4EE0-8B72-350D7C32FA49}.DebugLocal|Any CPU.ActiveCfg = DebugLocal|Any CPU
		{C0D5CA5D-5CA6-4EE0-8B72-350D7C32FA49}.DebugLocal|Any CPU.Build.0 = DebugLocal|Any CPU
		{C0D5CA5D-5CA6-4EE0-8B72-350D7C32FA49}.Release|Any CPU.ActiveCfg = Release|Any CPU
		{C0D5CA5D-5CA6-4EE0-8B72-350D7C32FA49}.Release|Any CPU.Build.0 = Release|Any CPU
		{E8E86053-9CE6-4DC6-A495-629ACC1B5BFF}.Debug|Any CPU.ActiveCfg = Debug|Any CPU
		{E8E86053-9CE6-4DC6-A495-629ACC1B5BFF}.Debug|Any CPU.Build.0 = Debug|Any CPU
		{E8E86053-9CE6-4DC6-A495-629ACC1B5BFF}.DebugLocal|Any CPU.ActiveCfg = DebugLocal|Any CPU
		{E8E86053-9CE6-4DC6-A495-629ACC1B5BFF}.DebugLocal|Any CPU.Build.0 = DebugLocal|Any CPU
		{E8E86053-9CE6-4DC6-A495-629ACC1B5BFF}.Release|Any CPU.ActiveCfg = Release|Any CPU
		{E8E86053-9CE6-4DC6-A495-629ACC1B5BFF}.Release|Any CPU.Build.0 = Release|Any CPU
		{25DDA3E7-91D4-40FC-8CF8-95C7205C181D}.Debug|Any CPU.ActiveCfg = Debug|Any CPU
		{25DDA3E7-91D4-40FC-8CF8-95C7205C181D}.Debug|Any CPU.Build.0 = Debug|Any CPU
		{25DDA3E7-91D4-40FC-8CF8-95C7205C181D}.DebugLocal|Any CPU.ActiveCfg = DebugLocal|Any CPU
		{25DDA3E7-91D4-40FC-8CF8-95C7205C181D}.DebugLocal|Any CPU.Build.0 = DebugLocal|Any CPU
		{25DDA3E7-91D4-40FC-8CF8-95C7205C181D}.Release|Any CPU.ActiveCfg = Release|Any CPU
		{25DDA3E7-91D4-40FC-8CF8-95C7205C181D}.Release|Any CPU.Build.0 = Release|Any CPU
		{5A5F513B-7FE6-41B8-BBC7-49B86050FD63}.Debug|Any CPU.ActiveCfg = Debug|Any CPU
		{5A5F513B-7FE6-41B8-BBC7-49B86050FD63}.Debug|Any CPU.Build.0 = Debug|Any CPU
		{5A5F513B-7FE6-41B8-BBC7-49B86050FD63}.DebugLocal|Any CPU.ActiveCfg = DebugLocal|Any CPU
		{5A5F513B-7FE6-41B8-BBC7-49B86050FD63}.DebugLocal|Any CPU.Build.0 = DebugLocal|Any CPU
		{5A5F513B-7FE6-41B8-BBC7-49B86050FD63}.Release|Any CPU.ActiveCfg = Release|Any CPU
		{5A5F513B-7FE6-41B8-BBC7-49B86050FD63}.Release|Any CPU.Build.0 = Release|Any CPU
		{34736CB0-EA39-4C26-812C-94B963A50534}.Debug|Any CPU.ActiveCfg = Debug|Any CPU
		{34736CB0-EA39-4C26-812C-94B963A50534}.Debug|Any CPU.Build.0 = Debug|Any CPU
		{34736CB0-EA39-4C26-812C-94B963A50534}.DebugLocal|Any CPU.ActiveCfg = DebugLocal|Any CPU
		{34736CB0-EA39-4C26-812C-94B963A50534}.DebugLocal|Any CPU.Build.0 = DebugLocal|Any CPU
		{34736CB0-EA39-4C26-812C-94B963A50534}.Release|Any CPU.ActiveCfg = Release|Any CPU
		{34736CB0-EA39-4C26-812C-94B963A50534}.Release|Any CPU.Build.0 = Release|Any CPU
		{B50F82B6-62E3-410C-9C26-F7885771D377}.Debug|Any CPU.ActiveCfg = Debug|Any CPU
		{B50F82B6-62E3-410C-9C26-F7885771D377}.Debug|Any CPU.Build.0 = Debug|Any CPU
		{B50F82B6-62E3-410C-9C26-F7885771D377}.DebugLocal|Any CPU.ActiveCfg = DebugLocal|Any CPU
		{B50F82B6-62E3-410C-9C26-F7885771D377}.DebugLocal|Any CPU.Build.0 = DebugLocal|Any CPU
		{B50F82B6-62E3-410C-9C26-F7885771D377}.Release|Any CPU.ActiveCfg = Release|Any CPU
		{B50F82B6-62E3-410C-9C26-F7885771D377}.Release|Any CPU.Build.0 = Release|Any CPU
		{0C329F0C-3BBE-4564-9112-94BDCBA83641}.Debug|Any CPU.ActiveCfg = Debug|Any CPU
		{0C329F0C-3BBE-4564-9112-94BDCBA83641}.Debug|Any CPU.Build.0 = Debug|Any CPU
		{0C329F0C-3BBE-4564-9112-94BDCBA83641}.DebugLocal|Any CPU.ActiveCfg = DebugLocal|Any CPU
		{0C329F0C-3BBE-4564-9112-94BDCBA83641}.DebugLocal|Any CPU.Build.0 = DebugLocal|Any CPU
		{0C329F0C-3BBE-4564-9112-94BDCBA83641}.Release|Any CPU.ActiveCfg = Release|Any CPU
		{0C329F0C-3BBE-4564-9112-94BDCBA83641}.Release|Any CPU.Build.0 = Release|Any CPU
		{E5E0EF14-01C4-4A1C-BC4A-D263A50AAECC}.Debug|Any CPU.ActiveCfg = Debug|Any CPU
		{E5E0EF14-01C4-4A1C-BC4A-D263A50AAECC}.Debug|Any CPU.Build.0 = Debug|Any CPU
		{E5E0EF14-01C4-4A1C-BC4A-D263A50AAECC}.DebugLocal|Any CPU.ActiveCfg = DebugLocal|Any CPU
		{E5E0EF14-01C4-4A1C-BC4A-D263A50AAECC}.DebugLocal|Any CPU.Build.0 = DebugLocal|Any CPU
		{E5E0EF14-01C4-4A1C-BC4A-D263A50AAECC}.Release|Any CPU.ActiveCfg = Release|Any CPU
		{E5E0EF14-01C4-4A1C-BC4A-D263A50AAECC}.Release|Any CPU.Build.0 = Release|Any CPU
		{F4AA87F0-175A-42C8-859D-567F1F47388A}.Debug|Any CPU.ActiveCfg = Debug|Any CPU
		{F4AA87F0-175A-42C8-859D-567F1F47388A}.Debug|Any CPU.Build.0 = Debug|Any CPU
		{F4AA87F0-175A-42C8-859D-567F1F47388A}.DebugLocal|Any CPU.ActiveCfg = DebugLocal|Any CPU
		{F4AA87F0-175A-42C8-859D-567F1F47388A}.DebugLocal|Any CPU.Build.0 = DebugLocal|Any CPU
		{F4AA87F0-175A-42C8-859D-567F1F47388A}.Release|Any CPU.ActiveCfg = Release|Any CPU
		{F4AA87F0-175A-42C8-859D-567F1F47388A}.Release|Any CPU.Build.0 = Release|Any CPU
		{53C2EB33-8E54-422E-B358-0629E1E61BA3}.Debug|Any CPU.ActiveCfg = Debug|Any CPU
		{53C2EB33-8E54-422E-B358-0629E1E61BA3}.Debug|Any CPU.Build.0 = Debug|Any CPU
		{53C2EB33-8E54-422E-B358-0629E1E61BA3}.DebugLocal|Any CPU.ActiveCfg = DebugLocal|Any CPU
		{53C2EB33-8E54-422E-B358-0629E1E61BA3}.DebugLocal|Any CPU.Build.0 = DebugLocal|Any CPU
		{53C2EB33-8E54-422E-B358-0629E1E61BA3}.Release|Any CPU.ActiveCfg = Release|Any CPU
		{53C2EB33-8E54-422E-B358-0629E1E61BA3}.Release|Any CPU.Build.0 = Release|Any CPU
		{B2DBB502-0802-4CB4-904C-C8A39D3153FD}.Debug|Any CPU.ActiveCfg = Debug|Any CPU
		{B2DBB502-0802-4CB4-904C-C8A39D3153FD}.Debug|Any CPU.Build.0 = Debug|Any CPU
		{B2DBB502-0802-4CB4-904C-C8A39D3153FD}.DebugLocal|Any CPU.ActiveCfg = DebugLocal|Any CPU
		{B2DBB502-0802-4CB4-904C-C8A39D3153FD}.DebugLocal|Any CPU.Build.0 = DebugLocal|Any CPU
		{B2DBB502-0802-4CB4-904C-C8A39D3153FD}.Release|Any CPU.ActiveCfg = Release|Any CPU
		{B2DBB502-0802-4CB4-904C-C8A39D3153FD}.Release|Any CPU.Build.0 = Release|Any CPU
		{8963D48D-2863-415C-AB59-03D05A0EBF3A}.Debug|Any CPU.ActiveCfg = Debug|Any CPU
		{8963D48D-2863-415C-AB59-03D05A0EBF3A}.Debug|Any CPU.Build.0 = Debug|Any CPU
		{8963D48D-2863-415C-AB59-03D05A0EBF3A}.DebugLocal|Any CPU.ActiveCfg = Debug|Any CPU
		{8963D48D-2863-415C-AB59-03D05A0EBF3A}.DebugLocal|Any CPU.Build.0 = Debug|Any CPU
		{8963D48D-2863-415C-AB59-03D05A0EBF3A}.Release|Any CPU.ActiveCfg = Release|Any CPU
		{8963D48D-2863-415C-AB59-03D05A0EBF3A}.Release|Any CPU.Build.0 = Release|Any CPU
		{5D2584F3-132C-474F-BE09-655C12A44D4B}.Debug|Any CPU.ActiveCfg = Debug|Any CPU
		{5D2584F3-132C-474F-BE09-655C12A44D4B}.Debug|Any CPU.Build.0 = Debug|Any CPU
		{5D2584F3-132C-474F-BE09-655C12A44D4B}.DebugLocal|Any CPU.ActiveCfg = Debug|Any CPU
		{5D2584F3-132C-474F-BE09-655C12A44D4B}.DebugLocal|Any CPU.Build.0 = Debug|Any CPU
		{5D2584F3-132C-474F-BE09-655C12A44D4B}.Release|Any CPU.ActiveCfg = Release|Any CPU
		{5D2584F3-132C-474F-BE09-655C12A44D4B}.Release|Any CPU.Build.0 = Release|Any CPU
		{7B4C29ED-AFEA-49D5-83AA-7E294435CA39}.Debug|Any CPU.ActiveCfg = Debug|Any CPU
		{7B4C29ED-AFEA-49D5-83AA-7E294435CA39}.Debug|Any CPU.Build.0 = Debug|Any CPU
		{7B4C29ED-AFEA-49D5-83AA-7E294435CA39}.DebugLocal|Any CPU.ActiveCfg = DebugLocal|Any CPU
		{7B4C29ED-AFEA-49D5-83AA-7E294435CA39}.DebugLocal|Any CPU.Build.0 = DebugLocal|Any CPU
		{7B4C29ED-AFEA-49D5-83AA-7E294435CA39}.Release|Any CPU.ActiveCfg = Release|Any CPU
		{7B4C29ED-AFEA-49D5-83AA-7E294435CA39}.Release|Any CPU.Build.0 = Release|Any CPU
		{98C821A0-5BCD-4C8B-B82A-E0CB1608809C}.Debug|Any CPU.ActiveCfg = Debug|Any CPU
		{98C821A0-5BCD-4C8B-B82A-E0CB1608809C}.Debug|Any CPU.Build.0 = Debug|Any CPU
		{98C821A0-5BCD-4C8B-B82A-E0CB1608809C}.DebugLocal|Any CPU.ActiveCfg = Debug|Any CPU
		{98C821A0-5BCD-4C8B-B82A-E0CB1608809C}.DebugLocal|Any CPU.Build.0 = Debug|Any CPU
		{98C821A0-5BCD-4C8B-B82A-E0CB1608809C}.Release|Any CPU.ActiveCfg = Release|Any CPU
		{98C821A0-5BCD-4C8B-B82A-E0CB1608809C}.Release|Any CPU.Build.0 = Release|Any CPU
		{DC30F655-75C3-45FC-928A-FCFA364B29E2}.Debug|Any CPU.ActiveCfg = Debug|Any CPU
		{DC30F655-75C3-45FC-928A-FCFA364B29E2}.Debug|Any CPU.Build.0 = Debug|Any CPU
		{DC30F655-75C3-45FC-928A-FCFA364B29E2}.DebugLocal|Any CPU.ActiveCfg = Debug|Any CPU
		{DC30F655-75C3-45FC-928A-FCFA364B29E2}.DebugLocal|Any CPU.Build.0 = Debug|Any CPU
		{DC30F655-75C3-45FC-928A-FCFA364B29E2}.Release|Any CPU.ActiveCfg = Release|Any CPU
		{DC30F655-75C3-45FC-928A-FCFA364B29E2}.Release|Any CPU.Build.0 = Release|Any CPU
		{E69B8F58-8A72-4F6D-BF9B-5B11462A4FBB}.Debug|Any CPU.ActiveCfg = Debug|Any CPU
		{E69B8F58-8A72-4F6D-BF9B-5B11462A4FBB}.Debug|Any CPU.Build.0 = Debug|Any CPU
		{E69B8F58-8A72-4F6D-BF9B-5B11462A4FBB}.DebugLocal|Any CPU.ActiveCfg = Debug|Any CPU
		{E69B8F58-8A72-4F6D-BF9B-5B11462A4FBB}.DebugLocal|Any CPU.Build.0 = Debug|Any CPU
		{E69B8F58-8A72-4F6D-BF9B-5B11462A4FBB}.Release|Any CPU.ActiveCfg = Release|Any CPU
		{E69B8F58-8A72-4F6D-BF9B-5B11462A4FBB}.Release|Any CPU.Build.0 = Release|Any CPU
		{B0E312C4-CAD8-4711-B750-62F9F940F429}.Debug|Any CPU.ActiveCfg = Debug|Any CPU
		{B0E312C4-CAD8-4711-B750-62F9F940F429}.Debug|Any CPU.Build.0 = Debug|Any CPU
		{B0E312C4-CAD8-4711-B750-62F9F940F429}.DebugLocal|Any CPU.ActiveCfg = DebugLocal|Any CPU
		{B0E312C4-CAD8-4711-B750-62F9F940F429}.DebugLocal|Any CPU.Build.0 = DebugLocal|Any CPU
		{B0E312C4-CAD8-4711-B750-62F9F940F429}.Release|Any CPU.ActiveCfg = Release|Any CPU
		{B0E312C4-CAD8-4711-B750-62F9F940F429}.Release|Any CPU.Build.0 = Release|Any CPU
		{DEAF858B-2B3D-4F8F-9B1D-0CAF0746C9EE}.Debug|Any CPU.ActiveCfg = Debug|Any CPU
		{DEAF858B-2B3D-4F8F-9B1D-0CAF0746C9EE}.Debug|Any CPU.Build.0 = Debug|Any CPU
		{DEAF858B-2B3D-4F8F-9B1D-0CAF0746C9EE}.DebugLocal|Any CPU.ActiveCfg = DebugLocal|Any CPU
		{DEAF858B-2B3D-4F8F-9B1D-0CAF0746C9EE}.DebugLocal|Any CPU.Build.0 = DebugLocal|Any CPU
		{DEAF858B-2B3D-4F8F-9B1D-0CAF0746C9EE}.Release|Any CPU.ActiveCfg = Release|Any CPU
		{DEAF858B-2B3D-4F8F-9B1D-0CAF0746C9EE}.Release|Any CPU.Build.0 = Release|Any CPU
		{471A9559-87E2-489A-ABF3-C7F75D5E2C4E}.Debug|Any CPU.ActiveCfg = Debug|Any CPU
		{471A9559-87E2-489A-ABF3-C7F75D5E2C4E}.Debug|Any CPU.Build.0 = Debug|Any CPU
		{471A9559-87E2-489A-ABF3-C7F75D5E2C4E}.DebugLocal|Any CPU.ActiveCfg = DebugLocal|Any CPU
		{471A9559-87E2-489A-ABF3-C7F75D5E2C4E}.DebugLocal|Any CPU.Build.0 = DebugLocal|Any CPU
		{471A9559-87E2-489A-ABF3-C7F75D5E2C4E}.Release|Any CPU.ActiveCfg = Release|Any CPU
		{471A9559-87E2-489A-ABF3-C7F75D5E2C4E}.Release|Any CPU.Build.0 = Release|Any CPU
		{B8F2D31D-AF3D-4F65-B0B7-FD557E155FB9}.Debug|Any CPU.ActiveCfg = Debug|Any CPU
		{B8F2D31D-AF3D-4F65-B0B7-FD557E155FB9}.Debug|Any CPU.Build.0 = Debug|Any CPU
		{B8F2D31D-AF3D-4F65-B0B7-FD557E155FB9}.DebugLocal|Any CPU.ActiveCfg = DebugLocal|Any CPU
		{B8F2D31D-AF3D-4F65-B0B7-FD557E155FB9}.DebugLocal|Any CPU.Build.0 = DebugLocal|Any CPU
		{B8F2D31D-AF3D-4F65-B0B7-FD557E155FB9}.Release|Any CPU.ActiveCfg = Release|Any CPU
		{B8F2D31D-AF3D-4F65-B0B7-FD557E155FB9}.Release|Any CPU.Build.0 = Release|Any CPU
		{450B642E-F253-4877-9FBF-81DFED8CA16E}.Debug|Any CPU.ActiveCfg = Debug|Any CPU
		{450B642E-F253-4877-9FBF-81DFED8CA16E}.Debug|Any CPU.Build.0 = Debug|Any CPU
		{450B642E-F253-4877-9FBF-81DFED8CA16E}.DebugLocal|Any CPU.ActiveCfg = Debug|Any CPU
		{450B642E-F253-4877-9FBF-81DFED8CA16E}.DebugLocal|Any CPU.Build.0 = Debug|Any CPU
		{450B642E-F253-4877-9FBF-81DFED8CA16E}.Release|Any CPU.ActiveCfg = Release|Any CPU
		{450B642E-F253-4877-9FBF-81DFED8CA16E}.Release|Any CPU.Build.0 = Release|Any CPU
		{544A7889-B34C-4BE3-A64E-AF4624929C64}.Debug|Any CPU.ActiveCfg = Debug|Any CPU
		{544A7889-B34C-4BE3-A64E-AF4624929C64}.Debug|Any CPU.Build.0 = Debug|Any CPU
		{544A7889-B34C-4BE3-A64E-AF4624929C64}.DebugLocal|Any CPU.ActiveCfg = Debug|Any CPU
		{544A7889-B34C-4BE3-A64E-AF4624929C64}.DebugLocal|Any CPU.Build.0 = Debug|Any CPU
		{544A7889-B34C-4BE3-A64E-AF4624929C64}.Release|Any CPU.ActiveCfg = Release|Any CPU
		{544A7889-B34C-4BE3-A64E-AF4624929C64}.Release|Any CPU.Build.0 = Release|Any CPU
		{050FD9BB-274F-4875-AF1E-89D4E3C34A2B}.Debug|Any CPU.ActiveCfg = Debug|Any CPU
		{050FD9BB-274F-4875-AF1E-89D4E3C34A2B}.Debug|Any CPU.Build.0 = Debug|Any CPU
		{050FD9BB-274F-4875-AF1E-89D4E3C34A2B}.DebugLocal|Any CPU.ActiveCfg = DebugLocal|Any CPU
		{050FD9BB-274F-4875-AF1E-89D4E3C34A2B}.DebugLocal|Any CPU.Build.0 = DebugLocal|Any CPU
		{050FD9BB-274F-4875-AF1E-89D4E3C34A2B}.Release|Any CPU.ActiveCfg = Release|Any CPU
		{050FD9BB-274F-4875-AF1E-89D4E3C34A2B}.Release|Any CPU.Build.0 = Release|Any CPU
		{88E60040-AAC9-45DC-9242-C521C4BB05BC}.Debug|Any CPU.ActiveCfg = Debug|Any CPU
		{88E60040-AAC9-45DC-9242-C521C4BB05BC}.Debug|Any CPU.Build.0 = Debug|Any CPU
		{88E60040-AAC9-45DC-9242-C521C4BB05BC}.DebugLocal|Any CPU.ActiveCfg = DebugLocal|Any CPU
		{88E60040-AAC9-45DC-9242-C521C4BB05BC}.DebugLocal|Any CPU.Build.0 = DebugLocal|Any CPU
		{88E60040-AAC9-45DC-9242-C521C4BB05BC}.Release|Any CPU.ActiveCfg = Release|Any CPU
		{88E60040-AAC9-45DC-9242-C521C4BB05BC}.Release|Any CPU.Build.0 = Release|Any CPU
	EndGlobalSection
	GlobalSection(SolutionProperties) = preSolution
		HideSolutionNode = FALSE
	EndGlobalSection
	GlobalSection(NestedProjects) = preSolution
		{9A8B1C32-C916-4C58-BF6F-0A6B4092BE7E} = {5444BEEC-50B2-4D40-915A-BF73E5775651}
		{C66EC27D-C61A-4690-BA9E-95ABC0B43128} = {DB0E1741-C8D6-4C24-AA41-A4885DF6D358}
		{2E248CF9-486F-4F57-BFD3-E094123C3071} = {72CBFB17-54C5-4F3B-9BE4-F778A03694B7}
		{A6677DF8-2602-4C31-95BE-6722461DF0B9} = {5E5D56D3-A0E5-4B45-B9D7-A1338A31F863}
		{9F95F312-EEBA-4BC0-92D6-8AA1F320C304} = {FCE68A69-E535-4566-A14D-43172A7B9772}
		{9C07672C-834B-4EB4-BC8F-AFF158B29C26} = {5444BEEC-50B2-4D40-915A-BF73E5775651}
		{95CE5DA9-1BF4-4F83-9FBE-59C690582A44} = {B965F54C-6C2B-4425-8D47-8ECDC47AA308}
		{0D0A072E-1DBC-49B2-AB66-B7F7F5CA1933} = {5444BEEC-50B2-4D40-915A-BF73E5775651}
		{C4FF4585-2872-408A-8AD1-3630FCBAAA18} = {9A8B1C32-C916-4C58-BF6F-0A6B4092BE7E}
		{28FC6643-7481-43AE-B7B4-8B202D1E7A71} = {9A8B1C32-C916-4C58-BF6F-0A6B4092BE7E}
		{3BB8ED4E-8A73-4559-AF51-5481C323D18C} = {A640586B-B40F-409D-A35C-42475619EF1F}
		{4AE84EF6-C394-4470-B428-7D7F4D13B8E8} = {5444BEEC-50B2-4D40-915A-BF73E5775651}
		{717C47CA-C83D-47D2-8994-E71F7E14D646} = {5444BEEC-50B2-4D40-915A-BF73E5775651}
		{F9F12FD9-1307-4DC4-8367-FBC699DE6BD5} = {23B4C127-5737-4663-BB86-A43DFEE350CF}
		{0CFAA46F-3610-4310-9D51-3652555E9F45} = {23B4C127-5737-4663-BB86-A43DFEE350CF}
		{6A2B24E8-5B2E-4A95-ACF9-3D85760BA7AA} = {23B4C127-5737-4663-BB86-A43DFEE350CF}
		{C0D5CA5D-5CA6-4EE0-8B72-350D7C32FA49} = {72CBFB17-54C5-4F3B-9BE4-F778A03694B7}
		{E8E86053-9CE6-4DC6-A495-629ACC1B5BFF} = {72CBFB17-54C5-4F3B-9BE4-F778A03694B7}
		{25DDA3E7-91D4-40FC-8CF8-95C7205C181D} = {72CBFB17-54C5-4F3B-9BE4-F778A03694B7}
		{5A5F513B-7FE6-41B8-BBC7-49B86050FD63} = {5E5D56D3-A0E5-4B45-B9D7-A1338A31F863}
		{34736CB0-EA39-4C26-812C-94B963A50534} = {5E5D56D3-A0E5-4B45-B9D7-A1338A31F863}
		{B50F82B6-62E3-410C-9C26-F7885771D377} = {5E5D56D3-A0E5-4B45-B9D7-A1338A31F863}
		{0C329F0C-3BBE-4564-9112-94BDCBA83641} = {DB0E1741-C8D6-4C24-AA41-A4885DF6D358}
		{E5E0EF14-01C4-4A1C-BC4A-D263A50AAECC} = {DB0E1741-C8D6-4C24-AA41-A4885DF6D358}
		{F4AA87F0-175A-42C8-859D-567F1F47388A} = {DB0E1741-C8D6-4C24-AA41-A4885DF6D358}
		{53C2EB33-8E54-422E-B358-0629E1E61BA3} = {23B4C127-5737-4663-BB86-A43DFEE350CF}
		{B2DBB502-0802-4CB4-904C-C8A39D3153FD} = {5444BEEC-50B2-4D40-915A-BF73E5775651}
		{FCE68A69-E535-4566-A14D-43172A7B9772} = {DB0E1741-C8D6-4C24-AA41-A4885DF6D358}
		{D3DD61FE-0B7C-41DD-9861-24A149397A0B} = {5E5D56D3-A0E5-4B45-B9D7-A1338A31F863}
		{152CB1FE-CCA9-452E-9150-017A3B6CDD4D} = {72CBFB17-54C5-4F3B-9BE4-F778A03694B7}
		{A640586B-B40F-409D-A35C-42475619EF1F} = {23B4C127-5737-4663-BB86-A43DFEE350CF}
		{B965F54C-6C2B-4425-8D47-8ECDC47AA308} = {5444BEEC-50B2-4D40-915A-BF73E5775651}
		{8963D48D-2863-415C-AB59-03D05A0EBF3A} = {FCE68A69-E535-4566-A14D-43172A7B9772}
		{5D2584F3-132C-474F-BE09-655C12A44D4B} = {D3DD61FE-0B7C-41DD-9861-24A149397A0B}
		{7B4C29ED-AFEA-49D5-83AA-7E294435CA39} = {72CBFB17-54C5-4F3B-9BE4-F778A03694B7}
		{98C821A0-5BCD-4C8B-B82A-E0CB1608809C} = {152CB1FE-CCA9-452E-9150-017A3B6CDD4D}
		{DC30F655-75C3-45FC-928A-FCFA364B29E2} = {152CB1FE-CCA9-452E-9150-017A3B6CDD4D}
		{E69B8F58-8A72-4F6D-BF9B-5B11462A4FBB} = {152CB1FE-CCA9-452E-9150-017A3B6CDD4D}
		{B0E312C4-CAD8-4711-B750-62F9F940F429} = {5444BEEC-50B2-4D40-915A-BF73E5775651}
		{DEAF858B-2B3D-4F8F-9B1D-0CAF0746C9EE} = {20194232-0561-44FF-9160-154191DBEAA6}
		{471A9559-87E2-489A-ABF3-C7F75D5E2C4E} = {20194232-0561-44FF-9160-154191DBEAA6}
		{B8F2D31D-AF3D-4F65-B0B7-FD557E155FB9} = {20194232-0561-44FF-9160-154191DBEAA6}
	EndGlobalSection
	GlobalSection(ExtensibilityGlobals) = postSolution
		SolutionGuid = {2AD07BAC-B96F-4540-814D-B11B85EBB73C}
	EndGlobalSection
EndGlobal
